// !$*UTF8*$!
{
	archiveVersion = 1;
	classes = {
	};
	objectVersion = 46;
	objects = {

/* Begin PBXBuildFile section */
		840E0E6E165CFA37000294BF /* LiKitIAP.framework in Frameworks */ = {isa = PBXBuildFile; fileRef = 840E0E6D165CFA37000294BF /* LiKitIAP.framework */; };
<<<<<<< HEAD
		84116AC81683272D002797A3 /* Dynamic.m in Sources */ = {isa = PBXBuildFile; fileRef = 84116AC71683272D002797A3 /* Dynamic.m */; settings = {COMPILER_FLAGS = "-fno-objc-arc"; }; };
=======
		84116AE616888D6D002797A3 /* Dynamic.m in Sources */ = {isa = PBXBuildFile; fileRef = 84116AE516888D6D002797A3 /* Dynamic.m */; settings = {COMPILER_FLAGS = "-fno-objc-arc"; }; };
		84116AED16888F1C002797A3 /* profileRockfeller@2x.png in Resources */ = {isa = PBXBuildFile; fileRef = 84116AE916888F1C002797A3 /* profileRockfeller@2x.png */; };
		84116AEE16888F1C002797A3 /* profileTaxpayer@2x.png in Resources */ = {isa = PBXBuildFile; fileRef = 84116AEA16888F1C002797A3 /* profileTaxpayer@2x.png */; };
		84116AEF16888F1C002797A3 /* profileTurist@2x.png in Resources */ = {isa = PBXBuildFile; fileRef = 84116AEB16888F1C002797A3 /* profileTurist@2x.png */; };
		84116AF016888F1C002797A3 /* profileZombie@2x.png in Resources */ = {isa = PBXBuildFile; fileRef = 84116AEC16888F1C002797A3 /* profileZombie@2x.png */; };
		84116AF516888F23002797A3 /* rankGeneral@2x.png in Resources */ = {isa = PBXBuildFile; fileRef = 84116AF116888F23002797A3 /* rankGeneral@2x.png */; };
		84116AF616888F23002797A3 /* rankHippie@2x.png in Resources */ = {isa = PBXBuildFile; fileRef = 84116AF216888F23002797A3 /* rankHippie@2x.png */; };
		84116AF716888F23002797A3 /* rankPrivate@2x.png in Resources */ = {isa = PBXBuildFile; fileRef = 84116AF316888F23002797A3 /* rankPrivate@2x.png */; };
		84116AF816888F23002797A3 /* rankSergeant@2x.png in Resources */ = {isa = PBXBuildFile; fileRef = 84116AF416888F23002797A3 /* rankSergeant@2x.png */; };
>>>>>>> master
		841DF0B3166E0C6D000465C4 /* NearbyFriendsViewController.m in Sources */ = {isa = PBXBuildFile; fileRef = 841DF0B2166E0C6C000465C4 /* NearbyFriendsViewController.m */; };
		841DF0B6166E17ED000465C4 /* FriendTableViewCell.m in Sources */ = {isa = PBXBuildFile; fileRef = 841DF0B5166E17ED000465C4 /* FriendTableViewCell.m */; };
		841DF0B9166E2544000465C4 /* User+DisplayName.m in Sources */ = {isa = PBXBuildFile; fileRef = 841DF0B8166E2543000465C4 /* User+DisplayName.m */; };
		841DF0BB166E26A9000465C4 /* avatar.png in Resources */ = {isa = PBXBuildFile; fileRef = 841DF0BA166E26A9000465C4 /* avatar.png */; };
		847D4A06165E2A9000BB524D /* AlertShower.m in Sources */ = {isa = PBXBuildFile; fileRef = 847D4A05165E2A9000BB524D /* AlertShower.m */; };
		847DF21216626D980015A5F8 /* green_btn.png in Resources */ = {isa = PBXBuildFile; fileRef = 847DF21116626D980015A5F8 /* green_btn.png */; };
		847F4EB816663E6100AEAB17 /* https%3A%2F%2Fs3.amazonaws.com%2Fappsmaterials%2F705E89%2FPromotion%2FA%2FDefault%2FPI1A.png in Resources */ = {isa = PBXBuildFile; fileRef = 847F4EB716663E6100AEAB17 /* https%3A%2F%2Fs3.amazonaws.com%2Fappsmaterials%2F705E89%2FPromotion%2FA%2FDefault%2FPI1A.png */; };
		847F4EBB16663E6E00AEAB17 /* https%3A%2F%2Fs3.amazonaws.com%2Fappsmaterials%2F705E89%2FPromotion%2FA%2FDefault%2FPB1A.png in Resources */ = {isa = PBXBuildFile; fileRef = 847F4EBA16663E6E00AEAB17 /* https%3A%2F%2Fs3.amazonaws.com%2Fappsmaterials%2F705E89%2FPromotion%2FA%2FDefault%2FPB1A.png */; };
		C4099805167632CF007E68C6 /* IAP.m in Sources */ = {isa = PBXBuildFile; fileRef = C40997DD167632CF007E68C6 /* IAP.m */; settings = {COMPILER_FLAGS = "-fno-objc-arc"; }; };
		C4099806167632CF007E68C6 /* VirtualCurrency.m in Sources */ = {isa = PBXBuildFile; fileRef = C40997E0167632CF007E68C6 /* VirtualCurrency.m */; settings = {COMPILER_FLAGS = "-fno-objc-arc"; }; };
		C4099807167632CF007E68C6 /* VirtualGood.m in Sources */ = {isa = PBXBuildFile; fileRef = C40997E3167632CF007E68C6 /* VirtualGood.m */; settings = {COMPILER_FLAGS = "-fno-objc-arc"; }; };
		C4099808167632CF007E68C6 /* VirtualGoodCategory.m in Sources */ = {isa = PBXBuildFile; fileRef = C40997E6167632CF007E68C6 /* VirtualGoodCategory.m */; settings = {COMPILER_FLAGS = "-fno-objc-arc"; }; };
		C4099809167632CF007E68C6 /* LiManager.m in Sources */ = {isa = PBXBuildFile; fileRef = C40997ED167632CF007E68C6 /* LiManager.m */; settings = {COMPILER_FLAGS = "-fno-objc-arc"; }; };
		C409980A167632CF007E68C6 /* LiUserLocation.m in Sources */ = {isa = PBXBuildFile; fileRef = C40997EF167632CF007E68C6 /* LiUserLocation.m */; settings = {COMPILER_FLAGS = "-fno-objc-arc"; }; };
		C409980C167632CF007E68C6 /* Close.png in Resources */ = {isa = PBXBuildFile; fileRef = C40997F4167632CF007E68C6 /* Close.png */; };
		C409980D167632CF007E68C6 /* LiPromo.m in Sources */ = {isa = PBXBuildFile; fileRef = C40997F6167632CF007E68C6 /* LiPromo.m */; settings = {COMPILER_FLAGS = "-fno-objc-arc"; }; };
		C409980E167632CF007E68C6 /* LiPromoHelperViews.m in Sources */ = {isa = PBXBuildFile; fileRef = C40997F8167632CF007E68C6 /* LiPromoHelperViews.m */; settings = {COMPILER_FLAGS = "-fno-objc-arc"; }; };
		C409980F167632CF007E68C6 /* LiSession.m in Sources */ = {isa = PBXBuildFile; fileRef = C40997FA167632CF007E68C6 /* LiSession.m */; settings = {COMPILER_FLAGS = "-fno-objc-arc"; }; };
		C4099810167632CF007E68C6 /* PromoView.m in Sources */ = {isa = PBXBuildFile; fileRef = C40997FC167632CF007E68C6 /* PromoView.m */; settings = {COMPILER_FLAGS = "-fno-objc-arc"; }; };
		C4099811167632CF007E68C6 /* LiObjPushNotification.m in Sources */ = {isa = PBXBuildFile; fileRef = C40997FF167632CF007E68C6 /* LiObjPushNotification.m */; settings = {COMPILER_FLAGS = "-fno-objc-arc"; }; };
		C4099812167632CF007E68C6 /* User+Facebook.m in Sources */ = {isa = PBXBuildFile; fileRef = C4099801167632CF007E68C6 /* User+Facebook.m */; settings = {COMPILER_FLAGS = "-fno-objc-arc"; }; };
		C4099813167632CF007E68C6 /* User.m in Sources */ = {isa = PBXBuildFile; fileRef = C4099803167632CF007E68C6 /* User.m */; settings = {COMPILER_FLAGS = "-fno-objc-arc"; }; };
		C416C38B1648F91B009008BB /* CoreLocation.framework in Frameworks */ = {isa = PBXBuildFile; fileRef = C416C38A1648F91B009008BB /* CoreLocation.framework */; };
		C416C38D1648F95F009008BB /* SystemConfiguration.framework in Frameworks */ = {isa = PBXBuildFile; fileRef = C416C38C1648F95F009008BB /* SystemConfiguration.framework */; };
		C416C38F1648F96C009008BB /* libsqlite3.0.dylib in Frameworks */ = {isa = PBXBuildFile; fileRef = C416C38E1648F96C009008BB /* libsqlite3.0.dylib */; };
		C416C3911648F976009008BB /* StoreKit.framework in Frameworks */ = {isa = PBXBuildFile; fileRef = C416C3901648F976009008BB /* StoreKit.framework */; };
		C416C3E91648FB3C009008BB /* Li_AWSiOSSDK.framework in Frameworks */ = {isa = PBXBuildFile; fileRef = C416C3E41648FB3C009008BB /* Li_AWSiOSSDK.framework */; };
		C416C3EA1648FB3C009008BB /* LiCore.framework in Frameworks */ = {isa = PBXBuildFile; fileRef = C416C3E51648FB3C009008BB /* LiCore.framework */; };
		C416C3EB1648FB3C009008BB /* LiKitFacebook.framework in Frameworks */ = {isa = PBXBuildFile; fileRef = C416C3E61648FB3C009008BB /* LiKitFacebook.framework */; };
		C416C3ED1648FB3C009008BB /* LiKitPromotions.framework in Frameworks */ = {isa = PBXBuildFile; fileRef = C416C3E81648FB3C009008BB /* LiKitPromotions.framework */; };
		C416C3EF1648FB83009008BB /* FacebookSDK.framework in Frameworks */ = {isa = PBXBuildFile; fileRef = C416C3EE1648FB83009008BB /* FacebookSDK.framework */; };
		C438973D1653FF1A0064BF43 /* LiStoreCellBackground.m in Sources */ = {isa = PBXBuildFile; fileRef = C438973C1653FF1A0064BF43 /* LiStoreCellBackground.m */; };
		C4514AA8163F09B20004CEA9 /* UIKit.framework in Frameworks */ = {isa = PBXBuildFile; fileRef = C4514AA7163F09B20004CEA9 /* UIKit.framework */; };
		C4514AAA163F09B20004CEA9 /* Foundation.framework in Frameworks */ = {isa = PBXBuildFile; fileRef = C4514AA9163F09B20004CEA9 /* Foundation.framework */; };
		C4514AAC163F09B20004CEA9 /* CoreGraphics.framework in Frameworks */ = {isa = PBXBuildFile; fileRef = C4514AAB163F09B20004CEA9 /* CoreGraphics.framework */; };
		C4514AB2163F09B20004CEA9 /* InfoPlist.strings in Resources */ = {isa = PBXBuildFile; fileRef = C4514AB0163F09B20004CEA9 /* InfoPlist.strings */; };
		C4514AB4163F09B20004CEA9 /* main.m in Sources */ = {isa = PBXBuildFile; fileRef = C4514AB3163F09B20004CEA9 /* main.m */; };
		C4514AB8163F09B20004CEA9 /* AppDelegate.m in Sources */ = {isa = PBXBuildFile; fileRef = C4514AB7163F09B20004CEA9 /* AppDelegate.m */; };
		C4514AC1163F09B20004CEA9 /* MainStoryboard.storyboard in Resources */ = {isa = PBXBuildFile; fileRef = C4514ABF163F09B20004CEA9 /* MainStoryboard.storyboard */; };
		C4514AC4163F09B20004CEA9 /* MainViewController.m in Sources */ = {isa = PBXBuildFile; fileRef = C4514AC3163F09B20004CEA9 /* MainViewController.m */; };
		C4514B01163F0E4D0004CEA9 /* back@2x.png in Resources */ = {isa = PBXBuildFile; fileRef = C4514ACC163F0E4D0004CEA9 /* back@2x.png */; };
		C4514B02163F0E4D0004CEA9 /* bg@2x.png in Resources */ = {isa = PBXBuildFile; fileRef = C4514ACD163F0E4D0004CEA9 /* bg@2x.png */; };
		C4514B03163F0E4D0004CEA9 /* titleDynamicContent@2x.png in Resources */ = {isa = PBXBuildFile; fileRef = C4514ACF163F0E4D0004CEA9 /* titleDynamicContent@2x.png */; };
		C4514B04163F0E4D0004CEA9 /* add@2x.png in Resources */ = {isa = PBXBuildFile; fileRef = C4514AD1163F0E4D0004CEA9 /* add@2x.png */; };
		C4514B05163F0E4D0004CEA9 /* added@2x.png in Resources */ = {isa = PBXBuildFile; fileRef = C4514AD2163F0E4D0004CEA9 /* added@2x.png */; };
		C4514B06163F0E4D0004CEA9 /* bgTabs@2x.png in Resources */ = {isa = PBXBuildFile; fileRef = C4514AD3163F0E4D0004CEA9 /* bgTabs@2x.png */; };
		C4514B07163F0E4D0004CEA9 /* fShare@2x.png in Resources */ = {isa = PBXBuildFile; fileRef = C4514AD4163F0E4D0004CEA9 /* fShare@2x.png */; };
		C4514B08163F0E4D0004CEA9 /* tabChallenge@2x.png in Resources */ = {isa = PBXBuildFile; fileRef = C4514AD5163F0E4D0004CEA9 /* tabChallenge@2x.png */; };
		C4514B09163F0E4D0004CEA9 /* tabChallengeOn@2x.png in Resources */ = {isa = PBXBuildFile; fileRef = C4514AD6163F0E4D0004CEA9 /* tabChallengeOn@2x.png */; };
		C4514B0A163F0E4D0004CEA9 /* tabInvite@2x.png in Resources */ = {isa = PBXBuildFile; fileRef = C4514AD7163F0E4D0004CEA9 /* tabInvite@2x.png */; };
		C4514B0B163F0E4D0004CEA9 /* tabInviteOn@2x.png in Resources */ = {isa = PBXBuildFile; fileRef = C4514AD8163F0E4D0004CEA9 /* tabInviteOn@2x.png */; };
		C4514B0C163F0E4D0004CEA9 /* gamecenter@2x.png in Resources */ = {isa = PBXBuildFile; fileRef = C4514ADA163F0E4D0004CEA9 /* gamecenter@2x.png */; };
		C4514B0D163F0E4D0004CEA9 /* tabsAchievements@2x.png in Resources */ = {isa = PBXBuildFile; fileRef = C4514ADB163F0E4D0004CEA9 /* tabsAchievements@2x.png */; };
		C4514B0E163F0E4D0004CEA9 /* tabsAchievementsOn@2x.png in Resources */ = {isa = PBXBuildFile; fileRef = C4514ADC163F0E4D0004CEA9 /* tabsAchievementsOn@2x.png */; };
		C4514B0F163F0E4D0004CEA9 /* tabsLeaderBoard@2x.png in Resources */ = {isa = PBXBuildFile; fileRef = C4514ADD163F0E4D0004CEA9 /* tabsLeaderBoard@2x.png */; };
		C4514B10163F0E4D0004CEA9 /* tabsLeaderBoardOn@2x.png in Resources */ = {isa = PBXBuildFile; fileRef = C4514ADE163F0E4D0004CEA9 /* tabsLeaderBoardOn@2x.png */; };
		C4514B11163F0E4D0004CEA9 /* btnBuyCoins@2x.png in Resources */ = {isa = PBXBuildFile; fileRef = C4514AE0163F0E4D0004CEA9 /* btnBuyCoins@2x.png */; };
		C4514B12163F0E4D0004CEA9 /* btnBuyItem@2x.png in Resources */ = {isa = PBXBuildFile; fileRef = C4514AE1163F0E4D0004CEA9 /* btnBuyItem@2x.png */; };
		C4514B13163F0E4D0004CEA9 /* coins1@2x.png in Resources */ = {isa = PBXBuildFile; fileRef = C4514AE2163F0E4D0004CEA9 /* coins1@2x.png */; };
		C4514B14163F0E4D0004CEA9 /* coins2@2x.png in Resources */ = {isa = PBXBuildFile; fileRef = C4514AE3163F0E4D0004CEA9 /* coins2@2x.png */; };
		C4514B15163F0E4D0004CEA9 /* coins3@2x.png in Resources */ = {isa = PBXBuildFile; fileRef = C4514AE4163F0E4D0004CEA9 /* coins3@2x.png */; };
		C4514B16163F0E4D0004CEA9 /* coins4@2x.png in Resources */ = {isa = PBXBuildFile; fileRef = C4514AE5163F0E4D0004CEA9 /* coins4@2x.png */; };
		C4514B17163F0E4D0004CEA9 /* coins5@2x.png in Resources */ = {isa = PBXBuildFile; fileRef = C4514AE6163F0E4D0004CEA9 /* coins5@2x.png */; };
		C4514B18163F0E4D0004CEA9 /* coins6@2x.png in Resources */ = {isa = PBXBuildFile; fileRef = C4514AE7163F0E4D0004CEA9 /* coins6@2x.png */; };
		C4514B19163F0E4D0004CEA9 /* iapBgContent@2x.png in Resources */ = {isa = PBXBuildFile; fileRef = C4514AE8163F0E4D0004CEA9 /* iapBgContent@2x.png */; };
		C4514B1A163F0E4D0004CEA9 /* iapTabBuyCoins@2x.png in Resources */ = {isa = PBXBuildFile; fileRef = C4514AE9163F0E4D0004CEA9 /* iapTabBuyCoins@2x.png */; };
		C4514B1B163F0E4D0004CEA9 /* iapTabBuyCoinsOn@2x.png in Resources */ = {isa = PBXBuildFile; fileRef = C4514AEA163F0E4D0004CEA9 /* iapTabBuyCoinsOn@2x.png */; };
		C4514B1C163F0E4D0004CEA9 /* iapTabMyItem@2x.png in Resources */ = {isa = PBXBuildFile; fileRef = C4514AEB163F0E4D0004CEA9 /* iapTabMyItem@2x.png */; };
		C4514B1D163F0E4D0004CEA9 /* iapTabMyItemOn@2x.png in Resources */ = {isa = PBXBuildFile; fileRef = C4514AEC163F0E4D0004CEA9 /* iapTabMyItemOn@2x.png */; };
		C4514B1E163F0E4D0004CEA9 /* iapTabVirtualItems@2x.png in Resources */ = {isa = PBXBuildFile; fileRef = C4514AED163F0E4D0004CEA9 /* iapTabVirtualItems@2x.png */; };
		C4514B1F163F0E4D0004CEA9 /* iapTabVirtualItemsOn@2x.png in Resources */ = {isa = PBXBuildFile; fileRef = C4514AEE163F0E4D0004CEA9 /* iapTabVirtualItemsOn@2x.png */; };
		C4514B20163F0E4D0004CEA9 /* iconGoldCoins@2x.png in Resources */ = {isa = PBXBuildFile; fileRef = C4514AEF163F0E4D0004CEA9 /* iconGoldCoins@2x.png */; };
		C4514B21163F0E4D0004CEA9 /* titleStore@2x.png in Resources */ = {isa = PBXBuildFile; fileRef = C4514AF0163F0E4D0004CEA9 /* titleStore@2x.png */; };
		C4514B22163F0E4D0004CEA9 /* btnLogIn@2x.png in Resources */ = {isa = PBXBuildFile; fileRef = C4514AF2163F0E4D0004CEA9 /* btnLogIn@2x.png */; };
		C4514B23163F0E4D0004CEA9 /* btnLogInFacebook@2x.png in Resources */ = {isa = PBXBuildFile; fileRef = C4514AF3163F0E4D0004CEA9 /* btnLogInFacebook@2x.png */; };
		C4514B24163F0E4D0004CEA9 /* btnNavLoginLater@2x.png in Resources */ = {isa = PBXBuildFile; fileRef = C4514AF4163F0E4D0004CEA9 /* btnNavLoginLater@2x.png */; };
		C4514B25163F0E4D0004CEA9 /* btnRegister@2x.png in Resources */ = {isa = PBXBuildFile; fileRef = C4514AF5163F0E4D0004CEA9 /* btnRegister@2x.png */; };
		C4514B26163F0E4D0004CEA9 /* titleLogin@2x.png in Resources */ = {isa = PBXBuildFile; fileRef = C4514AF6163F0E4D0004CEA9 /* titleLogin@2x.png */; };
		C4514B27163F0E4D0004CEA9 /* btnNavLogin@2x.png in Resources */ = {isa = PBXBuildFile; fileRef = C4514AF8163F0E4D0004CEA9 /* btnNavLogin@2x.png */; };
		C4514B28163F0E4D0004CEA9 /* btnNavMyProfile@2x.png in Resources */ = {isa = PBXBuildFile; fileRef = C4514AF9163F0E4D0004CEA9 /* btnNavMyProfile@2x.png */; };
		C4514B29163F0E4D0004CEA9 /* btnPlay@2x.png in Resources */ = {isa = PBXBuildFile; fileRef = C4514AFA163F0E4D0004CEA9 /* btnPlay@2x.png */; };
		C4514B2A163F0E4D0004CEA9 /* btnStore@2x.png in Resources */ = {isa = PBXBuildFile; fileRef = C4514AFB163F0E4D0004CEA9 /* btnStore@2x.png */; };
		C4514B2B163F0E4D0004CEA9 /* eggMain@2x.png in Resources */ = {isa = PBXBuildFile; fileRef = C4514AFC163F0E4D0004CEA9 /* eggMain@2x.png */; };
		C4514B2C163F0E4D0004CEA9 /* mainTabDynamic-Content@2x.png in Resources */ = {isa = PBXBuildFile; fileRef = C4514AFD163F0E4D0004CEA9 /* mainTabDynamic-Content@2x.png */; };
		C4514B2D163F0E4D0004CEA9 /* mainTabFacebookFeatures@2x.png in Resources */ = {isa = PBXBuildFile; fileRef = C4514AFE163F0E4D0004CEA9 /* mainTabFacebookFeatures@2x.png */; };
		C4514B2E163F0E4D0004CEA9 /* mainTabFindMyFriends@2x.png in Resources */ = {isa = PBXBuildFile; fileRef = C4514AFF163F0E4D0004CEA9 /* mainTabFindMyFriends@2x.png */; };
		C4514B2F163F0E4D0004CEA9 /* mainTabGameFeatures@2x.png in Resources */ = {isa = PBXBuildFile; fileRef = C4514B00163F0E4D0004CEA9 /* mainTabGameFeatures@2x.png */; };
		C463C722165107B9003CAA31 /* Icon.png in Resources */ = {isa = PBXBuildFile; fileRef = C463C720165107B9003CAA31 /* Icon.png */; };
		C463C723165107B9003CAA31 /* Icon@2x.png in Resources */ = {isa = PBXBuildFile; fileRef = C463C721165107B9003CAA31 /* Icon@2x.png */; };
		C489A0D6165348540003DF91 /* DDASLLogger.m in Sources */ = {isa = PBXBuildFile; fileRef = C489A0C8165348540003DF91 /* DDASLLogger.m */; };
		C489A0D7165348540003DF91 /* DDFileLogger.m in Sources */ = {isa = PBXBuildFile; fileRef = C489A0CA165348540003DF91 /* DDFileLogger.m */; };
		C489A0D8165348540003DF91 /* DDLog.m in Sources */ = {isa = PBXBuildFile; fileRef = C489A0CC165348540003DF91 /* DDLog.m */; };
		C489A0D9165348540003DF91 /* DDTTYLogger.m in Sources */ = {isa = PBXBuildFile; fileRef = C489A0CE165348540003DF91 /* DDTTYLogger.m */; };
		C489A0DA165348540003DF91 /* ContextFilterLogFormatter.m in Sources */ = {isa = PBXBuildFile; fileRef = C489A0D1165348540003DF91 /* ContextFilterLogFormatter.m */; };
		C489A0DB165348540003DF91 /* DispatchQueueLogFormatter.m in Sources */ = {isa = PBXBuildFile; fileRef = C489A0D3165348540003DF91 /* DispatchQueueLogFormatter.m */; };
		C489A0DC165348540003DF91 /* README.txt in Resources */ = {isa = PBXBuildFile; fileRef = C489A0D4165348540003DF91 /* README.txt */; };
		C48D6F15164CF98300BA7EC3 /* LiStoreCell.m in Sources */ = {isa = PBXBuildFile; fileRef = C48D6F14164CF98300BA7EC3 /* LiStoreCell.m */; };
		C4CB70E9165EDB5700D4F8B2 /* Default@2x.png in Resources */ = {isa = PBXBuildFile; fileRef = C4CB70E8165EDB5700D4F8B2 /* Default@2x.png */; };
		C4CB70EB165EDB6800D4F8B2 /* Default.png in Resources */ = {isa = PBXBuildFile; fileRef = C4CB70EA165EDB6800D4F8B2 /* Default.png */; };
		C4CB70EE165EDBED00D4F8B2 /* Default-568h@2x.png in Resources */ = {isa = PBXBuildFile; fileRef = C4CB70ED165EDBED00D4F8B2 /* Default-568h@2x.png */; };
		C4F1869A163F5F5A007C1514 /* LoginViewController.m in Sources */ = {isa = PBXBuildFile; fileRef = C4F18699163F5F5A007C1514 /* LoginViewController.m */; };
		C4F1869D163FA0E7007C1514 /* StoreViewController.m in Sources */ = {isa = PBXBuildFile; fileRef = C4F1869C163FA0E7007C1514 /* StoreViewController.m */; };
/* End PBXBuildFile section */

/* Begin PBXFileReference section */
		840E0E6D165CFA37000294BF /* LiKitIAP.framework */ = {isa = PBXFileReference; lastKnownFileType = wrapper.framework; name = LiKitIAP.framework; path = ../ApplicasaFrameworks/LiKitIAP.framework; sourceTree = "<group>"; };
<<<<<<< HEAD
		84116AC61683272D002797A3 /* Dynamic.h */ = {isa = PBXFileReference; fileEncoding = 4; lastKnownFileType = sourcecode.c.h; path = Dynamic.h; sourceTree = "<group>"; };
		84116AC71683272D002797A3 /* Dynamic.m */ = {isa = PBXFileReference; fileEncoding = 4; lastKnownFileType = sourcecode.c.objc; path = Dynamic.m; sourceTree = "<group>"; };
=======
		84116AE416888D6D002797A3 /* Dynamic.h */ = {isa = PBXFileReference; fileEncoding = 4; lastKnownFileType = sourcecode.c.h; path = Dynamic.h; sourceTree = "<group>"; };
		84116AE516888D6D002797A3 /* Dynamic.m */ = {isa = PBXFileReference; fileEncoding = 4; lastKnownFileType = sourcecode.c.objc; path = Dynamic.m; sourceTree = "<group>"; };
		84116AE916888F1C002797A3 /* profileRockfeller@2x.png */ = {isa = PBXFileReference; lastKnownFileType = image.png; path = "profileRockfeller@2x.png"; sourceTree = "<group>"; };
		84116AEA16888F1C002797A3 /* profileTaxpayer@2x.png */ = {isa = PBXFileReference; lastKnownFileType = image.png; path = "profileTaxpayer@2x.png"; sourceTree = "<group>"; };
		84116AEB16888F1C002797A3 /* profileTurist@2x.png */ = {isa = PBXFileReference; lastKnownFileType = image.png; path = "profileTurist@2x.png"; sourceTree = "<group>"; };
		84116AEC16888F1C002797A3 /* profileZombie@2x.png */ = {isa = PBXFileReference; lastKnownFileType = image.png; path = "profileZombie@2x.png"; sourceTree = "<group>"; };
		84116AF116888F23002797A3 /* rankGeneral@2x.png */ = {isa = PBXFileReference; lastKnownFileType = image.png; path = "rankGeneral@2x.png"; sourceTree = "<group>"; };
		84116AF216888F23002797A3 /* rankHippie@2x.png */ = {isa = PBXFileReference; lastKnownFileType = image.png; path = "rankHippie@2x.png"; sourceTree = "<group>"; };
		84116AF316888F23002797A3 /* rankPrivate@2x.png */ = {isa = PBXFileReference; lastKnownFileType = image.png; path = "rankPrivate@2x.png"; sourceTree = "<group>"; };
		84116AF416888F23002797A3 /* rankSergeant@2x.png */ = {isa = PBXFileReference; lastKnownFileType = image.png; path = "rankSergeant@2x.png"; sourceTree = "<group>"; };
>>>>>>> master
		841DF0B1166E0C6C000465C4 /* NearbyFriendsViewController.h */ = {isa = PBXFileReference; fileEncoding = 4; lastKnownFileType = sourcecode.c.h; path = NearbyFriendsViewController.h; sourceTree = "<group>"; };
		841DF0B2166E0C6C000465C4 /* NearbyFriendsViewController.m */ = {isa = PBXFileReference; fileEncoding = 4; lastKnownFileType = sourcecode.c.objc; path = NearbyFriendsViewController.m; sourceTree = "<group>"; };
		841DF0B4166E17ED000465C4 /* FriendTableViewCell.h */ = {isa = PBXFileReference; fileEncoding = 4; lastKnownFileType = sourcecode.c.h; path = FriendTableViewCell.h; sourceTree = "<group>"; };
		841DF0B5166E17ED000465C4 /* FriendTableViewCell.m */ = {isa = PBXFileReference; fileEncoding = 4; lastKnownFileType = sourcecode.c.objc; path = FriendTableViewCell.m; sourceTree = "<group>"; };
		841DF0B7166E2542000465C4 /* User+DisplayName.h */ = {isa = PBXFileReference; fileEncoding = 4; lastKnownFileType = sourcecode.c.h; path = "User+DisplayName.h"; sourceTree = "<group>"; };
		841DF0B8166E2543000465C4 /* User+DisplayName.m */ = {isa = PBXFileReference; fileEncoding = 4; lastKnownFileType = sourcecode.c.objc; path = "User+DisplayName.m"; sourceTree = "<group>"; };
		841DF0BA166E26A9000465C4 /* avatar.png */ = {isa = PBXFileReference; lastKnownFileType = image.png; path = avatar.png; sourceTree = "<group>"; };
		847D4A04165E2A9000BB524D /* AlertShower.h */ = {isa = PBXFileReference; fileEncoding = 4; lastKnownFileType = sourcecode.c.h; path = AlertShower.h; sourceTree = "<group>"; };
		847D4A05165E2A9000BB524D /* AlertShower.m */ = {isa = PBXFileReference; fileEncoding = 4; lastKnownFileType = sourcecode.c.objc; path = AlertShower.m; sourceTree = "<group>"; };
		847DF21116626D980015A5F8 /* green_btn.png */ = {isa = PBXFileReference; lastKnownFileType = image.png; path = green_btn.png; sourceTree = "<group>"; };
		847F4EB716663E6100AEAB17 /* https%3A%2F%2Fs3.amazonaws.com%2Fappsmaterials%2F705E89%2FPromotion%2FA%2FDefault%2FPI1A.png */ = {isa = PBXFileReference; lastKnownFileType = image.png; path = "https%3A%2F%2Fs3.amazonaws.com%2Fappsmaterials%2F705E89%2FPromotion%2FA%2FDefault%2FPI1A.png"; sourceTree = "<group>"; };
		847F4EBA16663E6E00AEAB17 /* https%3A%2F%2Fs3.amazonaws.com%2Fappsmaterials%2F705E89%2FPromotion%2FA%2FDefault%2FPB1A.png */ = {isa = PBXFileReference; lastKnownFileType = image.png; path = "https%3A%2F%2Fs3.amazonaws.com%2Fappsmaterials%2F705E89%2FPromotion%2FA%2FDefault%2FPB1A.png"; sourceTree = "<group>"; };
		C40997DC167632CF007E68C6 /* IAP.h */ = {isa = PBXFileReference; fileEncoding = 4; lastKnownFileType = sourcecode.c.h; path = IAP.h; sourceTree = "<group>"; };
		C40997DD167632CF007E68C6 /* IAP.m */ = {isa = PBXFileReference; fileEncoding = 4; lastKnownFileType = sourcecode.c.objc; path = IAP.m; sourceTree = "<group>"; };
		C40997DF167632CF007E68C6 /* VirtualCurrency.h */ = {isa = PBXFileReference; fileEncoding = 4; lastKnownFileType = sourcecode.c.h; path = VirtualCurrency.h; sourceTree = "<group>"; };
		C40997E0167632CF007E68C6 /* VirtualCurrency.m */ = {isa = PBXFileReference; fileEncoding = 4; lastKnownFileType = sourcecode.c.objc; path = VirtualCurrency.m; sourceTree = "<group>"; };
		C40997E2167632CF007E68C6 /* VirtualGood.h */ = {isa = PBXFileReference; fileEncoding = 4; lastKnownFileType = sourcecode.c.h; path = VirtualGood.h; sourceTree = "<group>"; };
		C40997E3167632CF007E68C6 /* VirtualGood.m */ = {isa = PBXFileReference; fileEncoding = 4; lastKnownFileType = sourcecode.c.objc; path = VirtualGood.m; sourceTree = "<group>"; };
		C40997E5167632CF007E68C6 /* VirtualGoodCategory.h */ = {isa = PBXFileReference; fileEncoding = 4; lastKnownFileType = sourcecode.c.h; path = VirtualGoodCategory.h; sourceTree = "<group>"; };
		C40997E6167632CF007E68C6 /* VirtualGoodCategory.m */ = {isa = PBXFileReference; fileEncoding = 4; lastKnownFileType = sourcecode.c.objc; path = VirtualGoodCategory.m; sourceTree = "<group>"; };
		C40997E9167632CF007E68C6 /* LiBlocks.h */ = {isa = PBXFileReference; fileEncoding = 4; lastKnownFileType = sourcecode.c.h; path = LiBlocks.h; sourceTree = "<group>"; };
		C40997EA167632CF007E68C6 /* LiConfig.h */ = {isa = PBXFileReference; fileEncoding = 4; lastKnownFileType = sourcecode.c.h; path = LiConfig.h; sourceTree = "<group>"; };
		C40997EB167632CF007E68C6 /* LiDataTypes.h */ = {isa = PBXFileReference; fileEncoding = 4; lastKnownFileType = sourcecode.c.h; path = LiDataTypes.h; sourceTree = "<group>"; };
		C40997EC167632CF007E68C6 /* LiManager.h */ = {isa = PBXFileReference; fileEncoding = 4; lastKnownFileType = sourcecode.c.h; path = LiManager.h; sourceTree = "<group>"; };
		C40997ED167632CF007E68C6 /* LiManager.m */ = {isa = PBXFileReference; fileEncoding = 4; lastKnownFileType = sourcecode.c.objc; path = LiManager.m; sourceTree = "<group>"; };
		C40997EE167632CF007E68C6 /* LiUserLocation.h */ = {isa = PBXFileReference; fileEncoding = 4; lastKnownFileType = sourcecode.c.h; path = LiUserLocation.h; sourceTree = "<group>"; };
		C40997EF167632CF007E68C6 /* LiUserLocation.m */ = {isa = PBXFileReference; fileEncoding = 4; lastKnownFileType = sourcecode.c.objc; path = LiUserLocation.m; sourceTree = "<group>"; };
		C40997F4167632CF007E68C6 /* Close.png */ = {isa = PBXFileReference; lastKnownFileType = image.png; path = Close.png; sourceTree = "<group>"; };
		C40997F5167632CF007E68C6 /* LiPromo.h */ = {isa = PBXFileReference; fileEncoding = 4; lastKnownFileType = sourcecode.c.h; path = LiPromo.h; sourceTree = "<group>"; };
		C40997F6167632CF007E68C6 /* LiPromo.m */ = {isa = PBXFileReference; fileEncoding = 4; lastKnownFileType = sourcecode.c.objc; path = LiPromo.m; sourceTree = "<group>"; };
		C40997F7167632CF007E68C6 /* LiPromoHelperViews.h */ = {isa = PBXFileReference; fileEncoding = 4; lastKnownFileType = sourcecode.c.h; path = LiPromoHelperViews.h; sourceTree = "<group>"; };
		C40997F8167632CF007E68C6 /* LiPromoHelperViews.m */ = {isa = PBXFileReference; fileEncoding = 4; lastKnownFileType = sourcecode.c.objc; path = LiPromoHelperViews.m; sourceTree = "<group>"; };
		C40997F9167632CF007E68C6 /* LiSession.h */ = {isa = PBXFileReference; fileEncoding = 4; lastKnownFileType = sourcecode.c.h; path = LiSession.h; sourceTree = "<group>"; };
		C40997FA167632CF007E68C6 /* LiSession.m */ = {isa = PBXFileReference; fileEncoding = 4; lastKnownFileType = sourcecode.c.objc; path = LiSession.m; sourceTree = "<group>"; };
		C40997FB167632CF007E68C6 /* PromoView.h */ = {isa = PBXFileReference; fileEncoding = 4; lastKnownFileType = sourcecode.c.h; path = PromoView.h; sourceTree = "<group>"; };
		C40997FC167632CF007E68C6 /* PromoView.m */ = {isa = PBXFileReference; fileEncoding = 4; lastKnownFileType = sourcecode.c.objc; path = PromoView.m; sourceTree = "<group>"; };
		C40997FE167632CF007E68C6 /* LiObjPushNotification.h */ = {isa = PBXFileReference; fileEncoding = 4; lastKnownFileType = sourcecode.c.h; path = LiObjPushNotification.h; sourceTree = "<group>"; };
		C40997FF167632CF007E68C6 /* LiObjPushNotification.m */ = {isa = PBXFileReference; fileEncoding = 4; lastKnownFileType = sourcecode.c.objc; path = LiObjPushNotification.m; sourceTree = "<group>"; };
		C4099800167632CF007E68C6 /* User+Facebook.h */ = {isa = PBXFileReference; fileEncoding = 4; lastKnownFileType = sourcecode.c.h; path = "User+Facebook.h"; sourceTree = "<group>"; };
		C4099801167632CF007E68C6 /* User+Facebook.m */ = {isa = PBXFileReference; fileEncoding = 4; lastKnownFileType = sourcecode.c.objc; path = "User+Facebook.m"; sourceTree = "<group>"; };
		C4099802167632CF007E68C6 /* User.h */ = {isa = PBXFileReference; fileEncoding = 4; lastKnownFileType = sourcecode.c.h; path = User.h; sourceTree = "<group>"; };
		C4099803167632CF007E68C6 /* User.m */ = {isa = PBXFileReference; fileEncoding = 4; lastKnownFileType = sourcecode.c.objc; path = User.m; sourceTree = "<group>"; };
		C416C38A1648F91B009008BB /* CoreLocation.framework */ = {isa = PBXFileReference; lastKnownFileType = wrapper.framework; name = CoreLocation.framework; path = System/Library/Frameworks/CoreLocation.framework; sourceTree = SDKROOT; };
		C416C38C1648F95F009008BB /* SystemConfiguration.framework */ = {isa = PBXFileReference; lastKnownFileType = wrapper.framework; name = SystemConfiguration.framework; path = System/Library/Frameworks/SystemConfiguration.framework; sourceTree = SDKROOT; };
		C416C38E1648F96C009008BB /* libsqlite3.0.dylib */ = {isa = PBXFileReference; lastKnownFileType = "compiled.mach-o.dylib"; name = libsqlite3.0.dylib; path = usr/lib/libsqlite3.0.dylib; sourceTree = SDKROOT; };
		C416C3901648F976009008BB /* StoreKit.framework */ = {isa = PBXFileReference; lastKnownFileType = wrapper.framework; name = StoreKit.framework; path = System/Library/Frameworks/StoreKit.framework; sourceTree = SDKROOT; };
		C416C3E41648FB3C009008BB /* Li_AWSiOSSDK.framework */ = {isa = PBXFileReference; lastKnownFileType = wrapper.framework; name = Li_AWSiOSSDK.framework; path = ../ApplicasaFrameworks/Li_AWSiOSSDK.framework; sourceTree = "<group>"; };
		C416C3E51648FB3C009008BB /* LiCore.framework */ = {isa = PBXFileReference; lastKnownFileType = wrapper.framework; name = LiCore.framework; path = ../ApplicasaFrameworks/LiCore.framework; sourceTree = "<group>"; };
		C416C3E61648FB3C009008BB /* LiKitFacebook.framework */ = {isa = PBXFileReference; lastKnownFileType = wrapper.framework; name = LiKitFacebook.framework; path = ../ApplicasaFrameworks/LiKitFacebook.framework; sourceTree = "<group>"; };
		C416C3E81648FB3C009008BB /* LiKitPromotions.framework */ = {isa = PBXFileReference; lastKnownFileType = wrapper.framework; name = LiKitPromotions.framework; path = ../ApplicasaFrameworks/LiKitPromotions.framework; sourceTree = "<group>"; };
		C416C3EE1648FB83009008BB /* FacebookSDK.framework */ = {isa = PBXFileReference; lastKnownFileType = wrapper.framework; name = FacebookSDK.framework; path = ../ApplicasaFrameworks/FacebookSDK/FacebookSDK.framework; sourceTree = "<group>"; };
		C438973B1653FF1A0064BF43 /* LiStoreCellBackground.h */ = {isa = PBXFileReference; fileEncoding = 4; lastKnownFileType = sourcecode.c.h; path = LiStoreCellBackground.h; sourceTree = "<group>"; };
		C438973C1653FF1A0064BF43 /* LiStoreCellBackground.m */ = {isa = PBXFileReference; fileEncoding = 4; lastKnownFileType = sourcecode.c.objc; path = LiStoreCellBackground.m; sourceTree = "<group>"; };
		C4514AA3163F09B20004CEA9 /* egg.app */ = {isa = PBXFileReference; explicitFileType = wrapper.application; includeInIndex = 0; path = egg.app; sourceTree = BUILT_PRODUCTS_DIR; };
		C4514AA7163F09B20004CEA9 /* UIKit.framework */ = {isa = PBXFileReference; lastKnownFileType = wrapper.framework; name = UIKit.framework; path = System/Library/Frameworks/UIKit.framework; sourceTree = SDKROOT; };
		C4514AA9163F09B20004CEA9 /* Foundation.framework */ = {isa = PBXFileReference; lastKnownFileType = wrapper.framework; name = Foundation.framework; path = System/Library/Frameworks/Foundation.framework; sourceTree = SDKROOT; };
		C4514AAB163F09B20004CEA9 /* CoreGraphics.framework */ = {isa = PBXFileReference; lastKnownFileType = wrapper.framework; name = CoreGraphics.framework; path = System/Library/Frameworks/CoreGraphics.framework; sourceTree = SDKROOT; };
		C4514AAF163F09B20004CEA9 /* egg-Info.plist */ = {isa = PBXFileReference; lastKnownFileType = text.plist.xml; path = "egg-Info.plist"; sourceTree = "<group>"; };
		C4514AB1163F09B20004CEA9 /* en */ = {isa = PBXFileReference; lastKnownFileType = text.plist.strings; name = en; path = en.lproj/InfoPlist.strings; sourceTree = "<group>"; };
		C4514AB3163F09B20004CEA9 /* main.m */ = {isa = PBXFileReference; lastKnownFileType = sourcecode.c.objc; path = main.m; sourceTree = "<group>"; };
		C4514AB5163F09B20004CEA9 /* egg-Prefix.pch */ = {isa = PBXFileReference; lastKnownFileType = sourcecode.c.h; path = "egg-Prefix.pch"; sourceTree = "<group>"; };
		C4514AB6163F09B20004CEA9 /* AppDelegate.h */ = {isa = PBXFileReference; lastKnownFileType = sourcecode.c.h; path = AppDelegate.h; sourceTree = "<group>"; };
		C4514AB7163F09B20004CEA9 /* AppDelegate.m */ = {isa = PBXFileReference; lastKnownFileType = sourcecode.c.objc; path = AppDelegate.m; sourceTree = "<group>"; };
		C4514AC0163F09B20004CEA9 /* en */ = {isa = PBXFileReference; lastKnownFileType = file.storyboard; name = en; path = en.lproj/MainStoryboard.storyboard; sourceTree = "<group>"; };
		C4514AC2163F09B20004CEA9 /* MainViewController.h */ = {isa = PBXFileReference; lastKnownFileType = sourcecode.c.h; path = MainViewController.h; sourceTree = "<group>"; };
		C4514AC3163F09B20004CEA9 /* MainViewController.m */ = {isa = PBXFileReference; lastKnownFileType = sourcecode.c.objc; path = MainViewController.m; sourceTree = "<group>"; };
		C4514ACC163F0E4D0004CEA9 /* back@2x.png */ = {isa = PBXFileReference; lastKnownFileType = image.png; path = "back@2x.png"; sourceTree = "<group>"; };
		C4514ACD163F0E4D0004CEA9 /* bg@2x.png */ = {isa = PBXFileReference; lastKnownFileType = image.png; path = "bg@2x.png"; sourceTree = "<group>"; };
		C4514ACF163F0E4D0004CEA9 /* titleDynamicContent@2x.png */ = {isa = PBXFileReference; lastKnownFileType = image.png; path = "titleDynamicContent@2x.png"; sourceTree = "<group>"; };
		C4514AD1163F0E4D0004CEA9 /* add@2x.png */ = {isa = PBXFileReference; lastKnownFileType = image.png; path = "add@2x.png"; sourceTree = "<group>"; };
		C4514AD2163F0E4D0004CEA9 /* added@2x.png */ = {isa = PBXFileReference; lastKnownFileType = image.png; path = "added@2x.png"; sourceTree = "<group>"; };
		C4514AD3163F0E4D0004CEA9 /* bgTabs@2x.png */ = {isa = PBXFileReference; lastKnownFileType = image.png; path = "bgTabs@2x.png"; sourceTree = "<group>"; };
		C4514AD4163F0E4D0004CEA9 /* fShare@2x.png */ = {isa = PBXFileReference; lastKnownFileType = image.png; path = "fShare@2x.png"; sourceTree = "<group>"; };
		C4514AD5163F0E4D0004CEA9 /* tabChallenge@2x.png */ = {isa = PBXFileReference; lastKnownFileType = image.png; path = "tabChallenge@2x.png"; sourceTree = "<group>"; };
		C4514AD6163F0E4D0004CEA9 /* tabChallengeOn@2x.png */ = {isa = PBXFileReference; lastKnownFileType = image.png; path = "tabChallengeOn@2x.png"; sourceTree = "<group>"; };
		C4514AD7163F0E4D0004CEA9 /* tabInvite@2x.png */ = {isa = PBXFileReference; lastKnownFileType = image.png; path = "tabInvite@2x.png"; sourceTree = "<group>"; };
		C4514AD8163F0E4D0004CEA9 /* tabInviteOn@2x.png */ = {isa = PBXFileReference; lastKnownFileType = image.png; path = "tabInviteOn@2x.png"; sourceTree = "<group>"; };
		C4514ADA163F0E4D0004CEA9 /* gamecenter@2x.png */ = {isa = PBXFileReference; lastKnownFileType = image.png; path = "gamecenter@2x.png"; sourceTree = "<group>"; };
		C4514ADB163F0E4D0004CEA9 /* tabsAchievements@2x.png */ = {isa = PBXFileReference; lastKnownFileType = image.png; path = "tabsAchievements@2x.png"; sourceTree = "<group>"; };
		C4514ADC163F0E4D0004CEA9 /* tabsAchievementsOn@2x.png */ = {isa = PBXFileReference; lastKnownFileType = image.png; path = "tabsAchievementsOn@2x.png"; sourceTree = "<group>"; };
		C4514ADD163F0E4D0004CEA9 /* tabsLeaderBoard@2x.png */ = {isa = PBXFileReference; lastKnownFileType = image.png; path = "tabsLeaderBoard@2x.png"; sourceTree = "<group>"; };
		C4514ADE163F0E4D0004CEA9 /* tabsLeaderBoardOn@2x.png */ = {isa = PBXFileReference; lastKnownFileType = image.png; path = "tabsLeaderBoardOn@2x.png"; sourceTree = "<group>"; };
		C4514AE0163F0E4D0004CEA9 /* btnBuyCoins@2x.png */ = {isa = PBXFileReference; lastKnownFileType = image.png; path = "btnBuyCoins@2x.png"; sourceTree = "<group>"; };
		C4514AE1163F0E4D0004CEA9 /* btnBuyItem@2x.png */ = {isa = PBXFileReference; lastKnownFileType = image.png; path = "btnBuyItem@2x.png"; sourceTree = "<group>"; };
		C4514AE2163F0E4D0004CEA9 /* coins1@2x.png */ = {isa = PBXFileReference; lastKnownFileType = image.png; path = "coins1@2x.png"; sourceTree = "<group>"; };
		C4514AE3163F0E4D0004CEA9 /* coins2@2x.png */ = {isa = PBXFileReference; lastKnownFileType = image.png; path = "coins2@2x.png"; sourceTree = "<group>"; };
		C4514AE4163F0E4D0004CEA9 /* coins3@2x.png */ = {isa = PBXFileReference; lastKnownFileType = image.png; path = "coins3@2x.png"; sourceTree = "<group>"; };
		C4514AE5163F0E4D0004CEA9 /* coins4@2x.png */ = {isa = PBXFileReference; lastKnownFileType = image.png; path = "coins4@2x.png"; sourceTree = "<group>"; };
		C4514AE6163F0E4D0004CEA9 /* coins5@2x.png */ = {isa = PBXFileReference; lastKnownFileType = image.png; path = "coins5@2x.png"; sourceTree = "<group>"; };
		C4514AE7163F0E4D0004CEA9 /* coins6@2x.png */ = {isa = PBXFileReference; lastKnownFileType = image.png; path = "coins6@2x.png"; sourceTree = "<group>"; };
		C4514AE8163F0E4D0004CEA9 /* iapBgContent@2x.png */ = {isa = PBXFileReference; lastKnownFileType = image.png; path = "iapBgContent@2x.png"; sourceTree = "<group>"; };
		C4514AE9163F0E4D0004CEA9 /* iapTabBuyCoins@2x.png */ = {isa = PBXFileReference; lastKnownFileType = image.png; path = "iapTabBuyCoins@2x.png"; sourceTree = "<group>"; };
		C4514AEA163F0E4D0004CEA9 /* iapTabBuyCoinsOn@2x.png */ = {isa = PBXFileReference; lastKnownFileType = image.png; path = "iapTabBuyCoinsOn@2x.png"; sourceTree = "<group>"; };
		C4514AEB163F0E4D0004CEA9 /* iapTabMyItem@2x.png */ = {isa = PBXFileReference; lastKnownFileType = image.png; path = "iapTabMyItem@2x.png"; sourceTree = "<group>"; };
		C4514AEC163F0E4D0004CEA9 /* iapTabMyItemOn@2x.png */ = {isa = PBXFileReference; lastKnownFileType = image.png; path = "iapTabMyItemOn@2x.png"; sourceTree = "<group>"; };
		C4514AED163F0E4D0004CEA9 /* iapTabVirtualItems@2x.png */ = {isa = PBXFileReference; lastKnownFileType = image.png; path = "iapTabVirtualItems@2x.png"; sourceTree = "<group>"; };
		C4514AEE163F0E4D0004CEA9 /* iapTabVirtualItemsOn@2x.png */ = {isa = PBXFileReference; lastKnownFileType = image.png; path = "iapTabVirtualItemsOn@2x.png"; sourceTree = "<group>"; };
		C4514AEF163F0E4D0004CEA9 /* iconGoldCoins@2x.png */ = {isa = PBXFileReference; lastKnownFileType = image.png; path = "iconGoldCoins@2x.png"; sourceTree = "<group>"; };
		C4514AF0163F0E4D0004CEA9 /* titleStore@2x.png */ = {isa = PBXFileReference; lastKnownFileType = image.png; path = "titleStore@2x.png"; sourceTree = "<group>"; };
		C4514AF2163F0E4D0004CEA9 /* btnLogIn@2x.png */ = {isa = PBXFileReference; lastKnownFileType = image.png; path = "btnLogIn@2x.png"; sourceTree = "<group>"; };
		C4514AF3163F0E4D0004CEA9 /* btnLogInFacebook@2x.png */ = {isa = PBXFileReference; lastKnownFileType = image.png; path = "btnLogInFacebook@2x.png"; sourceTree = "<group>"; };
		C4514AF4163F0E4D0004CEA9 /* btnNavLoginLater@2x.png */ = {isa = PBXFileReference; lastKnownFileType = image.png; path = "btnNavLoginLater@2x.png"; sourceTree = "<group>"; };
		C4514AF5163F0E4D0004CEA9 /* btnRegister@2x.png */ = {isa = PBXFileReference; lastKnownFileType = image.png; path = "btnRegister@2x.png"; sourceTree = "<group>"; };
		C4514AF6163F0E4D0004CEA9 /* titleLogin@2x.png */ = {isa = PBXFileReference; lastKnownFileType = image.png; path = "titleLogin@2x.png"; sourceTree = "<group>"; };
		C4514AF8163F0E4D0004CEA9 /* btnNavLogin@2x.png */ = {isa = PBXFileReference; lastKnownFileType = image.png; path = "btnNavLogin@2x.png"; sourceTree = "<group>"; };
		C4514AF9163F0E4D0004CEA9 /* btnNavMyProfile@2x.png */ = {isa = PBXFileReference; lastKnownFileType = image.png; path = "btnNavMyProfile@2x.png"; sourceTree = "<group>"; };
		C4514AFA163F0E4D0004CEA9 /* btnPlay@2x.png */ = {isa = PBXFileReference; lastKnownFileType = image.png; path = "btnPlay@2x.png"; sourceTree = "<group>"; };
		C4514AFB163F0E4D0004CEA9 /* btnStore@2x.png */ = {isa = PBXFileReference; lastKnownFileType = image.png; path = "btnStore@2x.png"; sourceTree = "<group>"; };
		C4514AFC163F0E4D0004CEA9 /* eggMain@2x.png */ = {isa = PBXFileReference; lastKnownFileType = image.png; path = "eggMain@2x.png"; sourceTree = "<group>"; };
		C4514AFD163F0E4D0004CEA9 /* mainTabDynamic-Content@2x.png */ = {isa = PBXFileReference; lastKnownFileType = image.png; path = "mainTabDynamic-Content@2x.png"; sourceTree = "<group>"; };
		C4514AFE163F0E4D0004CEA9 /* mainTabFacebookFeatures@2x.png */ = {isa = PBXFileReference; lastKnownFileType = image.png; path = "mainTabFacebookFeatures@2x.png"; sourceTree = "<group>"; };
		C4514AFF163F0E4D0004CEA9 /* mainTabFindMyFriends@2x.png */ = {isa = PBXFileReference; lastKnownFileType = image.png; path = "mainTabFindMyFriends@2x.png"; sourceTree = "<group>"; };
		C4514B00163F0E4D0004CEA9 /* mainTabGameFeatures@2x.png */ = {isa = PBXFileReference; lastKnownFileType = image.png; path = "mainTabGameFeatures@2x.png"; sourceTree = "<group>"; };
		C463C720165107B9003CAA31 /* Icon.png */ = {isa = PBXFileReference; lastKnownFileType = image.png; path = Icon.png; sourceTree = "<group>"; };
		C463C721165107B9003CAA31 /* Icon@2x.png */ = {isa = PBXFileReference; lastKnownFileType = image.png; path = "Icon@2x.png"; sourceTree = "<group>"; };
		C489A0C7165348540003DF91 /* DDASLLogger.h */ = {isa = PBXFileReference; fileEncoding = 4; lastKnownFileType = sourcecode.c.h; path = DDASLLogger.h; sourceTree = "<group>"; };
		C489A0C8165348540003DF91 /* DDASLLogger.m */ = {isa = PBXFileReference; fileEncoding = 4; lastKnownFileType = sourcecode.c.objc; path = DDASLLogger.m; sourceTree = "<group>"; };
		C489A0C9165348540003DF91 /* DDFileLogger.h */ = {isa = PBXFileReference; fileEncoding = 4; lastKnownFileType = sourcecode.c.h; path = DDFileLogger.h; sourceTree = "<group>"; };
		C489A0CA165348540003DF91 /* DDFileLogger.m */ = {isa = PBXFileReference; fileEncoding = 4; lastKnownFileType = sourcecode.c.objc; path = DDFileLogger.m; sourceTree = "<group>"; };
		C489A0CB165348540003DF91 /* DDLog.h */ = {isa = PBXFileReference; fileEncoding = 4; lastKnownFileType = sourcecode.c.h; path = DDLog.h; sourceTree = "<group>"; };
		C489A0CC165348540003DF91 /* DDLog.m */ = {isa = PBXFileReference; fileEncoding = 4; lastKnownFileType = sourcecode.c.objc; path = DDLog.m; sourceTree = "<group>"; };
		C489A0CD165348540003DF91 /* DDTTYLogger.h */ = {isa = PBXFileReference; fileEncoding = 4; lastKnownFileType = sourcecode.c.h; path = DDTTYLogger.h; sourceTree = "<group>"; };
		C489A0CE165348540003DF91 /* DDTTYLogger.m */ = {isa = PBXFileReference; fileEncoding = 4; lastKnownFileType = sourcecode.c.objc; path = DDTTYLogger.m; sourceTree = "<group>"; };
		C489A0D0165348540003DF91 /* ContextFilterLogFormatter.h */ = {isa = PBXFileReference; fileEncoding = 4; lastKnownFileType = sourcecode.c.h; path = ContextFilterLogFormatter.h; sourceTree = "<group>"; };
		C489A0D1165348540003DF91 /* ContextFilterLogFormatter.m */ = {isa = PBXFileReference; fileEncoding = 4; lastKnownFileType = sourcecode.c.objc; path = ContextFilterLogFormatter.m; sourceTree = "<group>"; };
		C489A0D2165348540003DF91 /* DispatchQueueLogFormatter.h */ = {isa = PBXFileReference; fileEncoding = 4; lastKnownFileType = sourcecode.c.h; path = DispatchQueueLogFormatter.h; sourceTree = "<group>"; };
		C489A0D3165348540003DF91 /* DispatchQueueLogFormatter.m */ = {isa = PBXFileReference; fileEncoding = 4; lastKnownFileType = sourcecode.c.objc; path = DispatchQueueLogFormatter.m; sourceTree = "<group>"; };
		C489A0D4165348540003DF91 /* README.txt */ = {isa = PBXFileReference; fileEncoding = 4; lastKnownFileType = text; path = README.txt; sourceTree = "<group>"; };
		C48D6F13164CF98300BA7EC3 /* LiStoreCell.h */ = {isa = PBXFileReference; fileEncoding = 4; lastKnownFileType = sourcecode.c.h; path = LiStoreCell.h; sourceTree = "<group>"; };
		C48D6F14164CF98300BA7EC3 /* LiStoreCell.m */ = {isa = PBXFileReference; fileEncoding = 4; lastKnownFileType = sourcecode.c.objc; path = LiStoreCell.m; sourceTree = "<group>"; };
		C4CB70E8165EDB5700D4F8B2 /* Default@2x.png */ = {isa = PBXFileReference; lastKnownFileType = image.png; name = "Default@2x.png"; path = "../../Default@2x.png"; sourceTree = "<group>"; };
		C4CB70EA165EDB6800D4F8B2 /* Default.png */ = {isa = PBXFileReference; lastKnownFileType = image.png; name = Default.png; path = ../../Default.png; sourceTree = "<group>"; };
		C4CB70ED165EDBED00D4F8B2 /* Default-568h@2x.png */ = {isa = PBXFileReference; lastKnownFileType = image.png; name = "Default-568h@2x.png"; path = "../../Default-568h@2x.png"; sourceTree = "<group>"; };
		C4F18698163F5F5A007C1514 /* LoginViewController.h */ = {isa = PBXFileReference; fileEncoding = 4; lastKnownFileType = sourcecode.c.h; path = LoginViewController.h; sourceTree = "<group>"; };
		C4F18699163F5F5A007C1514 /* LoginViewController.m */ = {isa = PBXFileReference; fileEncoding = 4; lastKnownFileType = sourcecode.c.objc; path = LoginViewController.m; sourceTree = "<group>"; };
		C4F1869B163FA0E7007C1514 /* StoreViewController.h */ = {isa = PBXFileReference; fileEncoding = 4; lastKnownFileType = sourcecode.c.h; path = StoreViewController.h; sourceTree = "<group>"; };
		C4F1869C163FA0E7007C1514 /* StoreViewController.m */ = {isa = PBXFileReference; fileEncoding = 4; lastKnownFileType = sourcecode.c.objc; path = StoreViewController.m; sourceTree = "<group>"; };
/* End PBXFileReference section */

/* Begin PBXFrameworksBuildPhase section */
		C4514AA0163F09B20004CEA9 /* Frameworks */ = {
			isa = PBXFrameworksBuildPhase;
			buildActionMask = 2147483647;
			files = (
				840E0E6E165CFA37000294BF /* LiKitIAP.framework in Frameworks */,
				C416C3911648F976009008BB /* StoreKit.framework in Frameworks */,
				C416C38F1648F96C009008BB /* libsqlite3.0.dylib in Frameworks */,
				C416C38D1648F95F009008BB /* SystemConfiguration.framework in Frameworks */,
				C416C38B1648F91B009008BB /* CoreLocation.framework in Frameworks */,
				C4514AA8163F09B20004CEA9 /* UIKit.framework in Frameworks */,
				C4514AAA163F09B20004CEA9 /* Foundation.framework in Frameworks */,
				C4514AAC163F09B20004CEA9 /* CoreGraphics.framework in Frameworks */,
				C416C3E91648FB3C009008BB /* Li_AWSiOSSDK.framework in Frameworks */,
				C416C3EA1648FB3C009008BB /* LiCore.framework in Frameworks */,
				C416C3EB1648FB3C009008BB /* LiKitFacebook.framework in Frameworks */,
				C416C3ED1648FB3C009008BB /* LiKitPromotions.framework in Frameworks */,
				C416C3EF1648FB83009008BB /* FacebookSDK.framework in Frameworks */,
			);
			runOnlyForDeploymentPostprocessing = 0;
		};
/* End PBXFrameworksBuildPhase section */

/* Begin PBXGroup section */
<<<<<<< HEAD
		84116AC51683272D002797A3 /* Dynamic */ = {
			isa = PBXGroup;
			children = (
				84116AC61683272D002797A3 /* Dynamic.h */,
				84116AC71683272D002797A3 /* Dynamic.m */,
=======
		84116AE316888D6C002797A3 /* Dynamic */ = {
			isa = PBXGroup;
			children = (
				84116AE416888D6D002797A3 /* Dynamic.h */,
				84116AE516888D6D002797A3 /* Dynamic.m */,
>>>>>>> master
			);
			path = Dynamic;
			sourceTree = "<group>";
		};
<<<<<<< HEAD
=======
		84116AE816888F0B002797A3 /* ProfileData Icons */ = {
			isa = PBXGroup;
			children = (
				84116AF916888F29002797A3 /* Spend */,
				84116AFA16888F33002797A3 /* Usage */,
			);
			name = "ProfileData Icons";
			sourceTree = "<group>";
		};
		84116AF916888F29002797A3 /* Spend */ = {
			isa = PBXGroup;
			children = (
				84116AE916888F1C002797A3 /* profileRockfeller@2x.png */,
				84116AEA16888F1C002797A3 /* profileTaxpayer@2x.png */,
				84116AEB16888F1C002797A3 /* profileTurist@2x.png */,
				84116AEC16888F1C002797A3 /* profileZombie@2x.png */,
			);
			name = Spend;
			sourceTree = "<group>";
		};
		84116AFA16888F33002797A3 /* Usage */ = {
			isa = PBXGroup;
			children = (
				84116AF116888F23002797A3 /* rankGeneral@2x.png */,
				84116AF216888F23002797A3 /* rankHippie@2x.png */,
				84116AF316888F23002797A3 /* rankPrivate@2x.png */,
				84116AF416888F23002797A3 /* rankSergeant@2x.png */,
			);
			name = Usage;
			sourceTree = "<group>";
		};
>>>>>>> master
		847D4A08165E2A9700BB524D /* AlertShower */ = {
			isa = PBXGroup;
			children = (
				847D4A04165E2A9000BB524D /* AlertShower.h */,
				847D4A05165E2A9000BB524D /* AlertShower.m */,
			);
			name = AlertShower;
			sourceTree = "<group>";
		};
		847DF213166277FF0015A5F8 /* AppStart Promo */ = {
			isa = PBXGroup;
			children = (
				847F4EBA16663E6E00AEAB17 /* https%3A%2F%2Fs3.amazonaws.com%2Fappsmaterials%2F705E89%2FPromotion%2FA%2FDefault%2FPB1A.png */,
				847F4EB716663E6100AEAB17 /* https%3A%2F%2Fs3.amazonaws.com%2Fappsmaterials%2F705E89%2FPromotion%2FA%2FDefault%2FPI1A.png */,
			);
			name = "AppStart Promo";
			sourceTree = "<group>";
		};
		8485D932165E8D07008BD59A /* Cells */ = {
			isa = PBXGroup;
			children = (
				C438973B1653FF1A0064BF43 /* LiStoreCellBackground.h */,
				C438973C1653FF1A0064BF43 /* LiStoreCellBackground.m */,
				C48D6F13164CF98300BA7EC3 /* LiStoreCell.h */,
				C48D6F14164CF98300BA7EC3 /* LiStoreCell.m */,
				841DF0B4166E17ED000465C4 /* FriendTableViewCell.h */,
				841DF0B5166E17ED000465C4 /* FriendTableViewCell.m */,
			);
			name = Cells;
			sourceTree = "<group>";
		};
		84949A45165E674C0080F6B0 /* ViewControllers */ = {
			isa = PBXGroup;
			children = (
				C4514AC2163F09B20004CEA9 /* MainViewController.h */,
				C4514AC3163F09B20004CEA9 /* MainViewController.m */,
				C4F18698163F5F5A007C1514 /* LoginViewController.h */,
				C4F18699163F5F5A007C1514 /* LoginViewController.m */,
				C4F1869B163FA0E7007C1514 /* StoreViewController.h */,
				C4F1869C163FA0E7007C1514 /* StoreViewController.m */,
				841DF0B1166E0C6C000465C4 /* NearbyFriendsViewController.h */,
				841DF0B2166E0C6C000465C4 /* NearbyFriendsViewController.m */,
			);
			name = ViewControllers;
			sourceTree = "<group>";
		};
		C40997D7167632CF007E68C6 /* ApplicasaSDK */ = {
			isa = PBXGroup;
			children = (
<<<<<<< HEAD
				84116AC51683272D002797A3 /* Dynamic */,
=======
				84116AE316888D6C002797A3 /* Dynamic */,
>>>>>>> master
				C40997DB167632CF007E68C6 /* IAP */,
				C40997E7167632CF007E68C6 /* LiManager */,
				C40997F3167632CF007E68C6 /* Promo */,
				C40997FD167632CF007E68C6 /* User */,
			);
			name = ApplicasaSDK;
			path = ../../ApplicasaSDK;
			sourceTree = "<group>";
		};
		C40997DB167632CF007E68C6 /* IAP */ = {
			isa = PBXGroup;
			children = (
				C40997DC167632CF007E68C6 /* IAP.h */,
				C40997DD167632CF007E68C6 /* IAP.m */,
				C40997DE167632CF007E68C6 /* VirtualCurrency */,
				C40997E1167632CF007E68C6 /* VirtualGood */,
				C40997E4167632CF007E68C6 /* VirtualGoodCategory */,
			);
			path = IAP;
			sourceTree = "<group>";
		};
		C40997DE167632CF007E68C6 /* VirtualCurrency */ = {
			isa = PBXGroup;
			children = (
				C40997DF167632CF007E68C6 /* VirtualCurrency.h */,
				C40997E0167632CF007E68C6 /* VirtualCurrency.m */,
			);
			path = VirtualCurrency;
			sourceTree = "<group>";
		};
		C40997E1167632CF007E68C6 /* VirtualGood */ = {
			isa = PBXGroup;
			children = (
				C40997E2167632CF007E68C6 /* VirtualGood.h */,
				C40997E3167632CF007E68C6 /* VirtualGood.m */,
			);
			path = VirtualGood;
			sourceTree = "<group>";
		};
		C40997E4167632CF007E68C6 /* VirtualGoodCategory */ = {
			isa = PBXGroup;
			children = (
				C40997E5167632CF007E68C6 /* VirtualGoodCategory.h */,
				C40997E6167632CF007E68C6 /* VirtualGoodCategory.m */,
			);
			path = VirtualGoodCategory;
			sourceTree = "<group>";
		};
		C40997E7167632CF007E68C6 /* LiManager */ = {
			isa = PBXGroup;
			children = (
				C40997E9167632CF007E68C6 /* LiBlocks.h */,
				C40997EA167632CF007E68C6 /* LiConfig.h */,
				C40997EB167632CF007E68C6 /* LiDataTypes.h */,
				C40997EC167632CF007E68C6 /* LiManager.h */,
				C40997ED167632CF007E68C6 /* LiManager.m */,
				C40997EE167632CF007E68C6 /* LiUserLocation.h */,
				C40997EF167632CF007E68C6 /* LiUserLocation.m */,
			);
			path = LiManager;
			sourceTree = "<group>";
		};
		C40997F3167632CF007E68C6 /* Promo */ = {
			isa = PBXGroup;
			children = (
				C40997F4167632CF007E68C6 /* Close.png */,
				C40997F5167632CF007E68C6 /* LiPromo.h */,
				C40997F6167632CF007E68C6 /* LiPromo.m */,
				C40997F7167632CF007E68C6 /* LiPromoHelperViews.h */,
				C40997F8167632CF007E68C6 /* LiPromoHelperViews.m */,
				C40997F9167632CF007E68C6 /* LiSession.h */,
				C40997FA167632CF007E68C6 /* LiSession.m */,
				C40997FB167632CF007E68C6 /* PromoView.h */,
				C40997FC167632CF007E68C6 /* PromoView.m */,
			);
			path = Promo;
			sourceTree = "<group>";
		};
		C40997FD167632CF007E68C6 /* User */ = {
			isa = PBXGroup;
			children = (
				C40997FE167632CF007E68C6 /* LiObjPushNotification.h */,
				C40997FF167632CF007E68C6 /* LiObjPushNotification.m */,
				C4099800167632CF007E68C6 /* User+Facebook.h */,
				C4099801167632CF007E68C6 /* User+Facebook.m */,
				C4099802167632CF007E68C6 /* User.h */,
				C4099803167632CF007E68C6 /* User.m */,
			);
			path = User;
			sourceTree = "<group>";
		};
		C438973E1653FF270064BF43 /* Egg Classes */ = {
			isa = PBXGroup;
			children = (
				C4514AB6163F09B20004CEA9 /* AppDelegate.h */,
				C4514AB7163F09B20004CEA9 /* AppDelegate.m */,
				841DF0B7166E2542000465C4 /* User+DisplayName.h */,
				841DF0B8166E2543000465C4 /* User+DisplayName.m */,
				8485D932165E8D07008BD59A /* Cells */,
				84949A45165E674C0080F6B0 /* ViewControllers */,
				847D4A08165E2A9700BB524D /* AlertShower */,
			);
			name = "Egg Classes";
			sourceTree = "<group>";
		};
		C4514A98163F09B20004CEA9 = {
			isa = PBXGroup;
			children = (
				C4514AAD163F09B20004CEA9 /* egg */,
				C4514AA6163F09B20004CEA9 /* Frameworks */,
				C4514AA4163F09B20004CEA9 /* Products */,
			);
			sourceTree = "<group>";
		};
		C4514AA4163F09B20004CEA9 /* Products */ = {
			isa = PBXGroup;
			children = (
				C4514AA3163F09B20004CEA9 /* egg.app */,
			);
			name = Products;
			sourceTree = "<group>";
		};
		C4514AA6163F09B20004CEA9 /* Frameworks */ = {
			isa = PBXGroup;
			children = (
				840E0E6D165CFA37000294BF /* LiKitIAP.framework */,
				C416C3EE1648FB83009008BB /* FacebookSDK.framework */,
				C416C3E41648FB3C009008BB /* Li_AWSiOSSDK.framework */,
				C416C3E51648FB3C009008BB /* LiCore.framework */,
				C416C3E61648FB3C009008BB /* LiKitFacebook.framework */,
				C416C3E81648FB3C009008BB /* LiKitPromotions.framework */,
				C416C3901648F976009008BB /* StoreKit.framework */,
				C416C38E1648F96C009008BB /* libsqlite3.0.dylib */,
				C416C38C1648F95F009008BB /* SystemConfiguration.framework */,
				C416C38A1648F91B009008BB /* CoreLocation.framework */,
				C4514AA7163F09B20004CEA9 /* UIKit.framework */,
				C4514AA9163F09B20004CEA9 /* Foundation.framework */,
				C4514AAB163F09B20004CEA9 /* CoreGraphics.framework */,
			);
			name = Frameworks;
			sourceTree = "<group>";
		};
		C4514AAD163F09B20004CEA9 /* egg */ = {
			isa = PBXGroup;
			children = (
				C4F18697163F5EEE007C1514 /* storyboards */,
				C4F18695163F5ED3007C1514 /* classes */,
				C4514ACA163F0DAF0004CEA9 /* assets */,
				C4514AAE163F09B20004CEA9 /* Supporting Files */,
			);
			path = egg;
			sourceTree = "<group>";
		};
		C4514AAE163F09B20004CEA9 /* Supporting Files */ = {
			isa = PBXGroup;
			children = (
				C4514AAF163F09B20004CEA9 /* egg-Info.plist */,
				C4514AB0163F09B20004CEA9 /* InfoPlist.strings */,
				C4514AB3163F09B20004CEA9 /* main.m */,
				C4514AB5163F09B20004CEA9 /* egg-Prefix.pch */,
			);
			name = "Supporting Files";
			sourceTree = "<group>";
		};
		C4514ACA163F0DAF0004CEA9 /* assets */ = {
			isa = PBXGroup;
			children = (
				C4514ACB163F0E4D0004CEA9 /* images */,
			);
			name = assets;
			sourceTree = "<group>";
		};
		C4514ACB163F0E4D0004CEA9 /* images */ = {
			isa = PBXGroup;
			children = (
				84116AE816888F0B002797A3 /* ProfileData Icons */,
				847DF213166277FF0015A5F8 /* AppStart Promo */,
				C4CB70EC165EDB6F00D4F8B2 /* splashScreens */,
				C463C720165107B9003CAA31 /* Icon.png */,
				C463C721165107B9003CAA31 /* Icon@2x.png */,
				C4514ACC163F0E4D0004CEA9 /* back@2x.png */,
				C4514ACD163F0E4D0004CEA9 /* bg@2x.png */,
				C4514ACE163F0E4D0004CEA9 /* dynamicContent */,
				C4514AD0163F0E4D0004CEA9 /* facebookShare */,
				C4514AD9163F0E4D0004CEA9 /* gameFeatures */,
				C4514ADF163F0E4D0004CEA9 /* iap */,
				C4514AF1163F0E4D0004CEA9 /* login */,
				C4514AF7163F0E4D0004CEA9 /* main */,
			);
			path = images;
			sourceTree = "<group>";
		};
		C4514ACE163F0E4D0004CEA9 /* dynamicContent */ = {
			isa = PBXGroup;
			children = (
				C4514ACF163F0E4D0004CEA9 /* titleDynamicContent@2x.png */,
			);
			path = dynamicContent;
			sourceTree = "<group>";
		};
		C4514AD0163F0E4D0004CEA9 /* facebookShare */ = {
			isa = PBXGroup;
			children = (
				841DF0BA166E26A9000465C4 /* avatar.png */,
				C4514AD1163F0E4D0004CEA9 /* add@2x.png */,
				C4514AD2163F0E4D0004CEA9 /* added@2x.png */,
				C4514AD3163F0E4D0004CEA9 /* bgTabs@2x.png */,
				C4514AD4163F0E4D0004CEA9 /* fShare@2x.png */,
				C4514AD5163F0E4D0004CEA9 /* tabChallenge@2x.png */,
				C4514AD6163F0E4D0004CEA9 /* tabChallengeOn@2x.png */,
				C4514AD7163F0E4D0004CEA9 /* tabInvite@2x.png */,
				C4514AD8163F0E4D0004CEA9 /* tabInviteOn@2x.png */,
			);
			path = facebookShare;
			sourceTree = "<group>";
		};
		C4514AD9163F0E4D0004CEA9 /* gameFeatures */ = {
			isa = PBXGroup;
			children = (
				C4514ADA163F0E4D0004CEA9 /* gamecenter@2x.png */,
				C4514ADB163F0E4D0004CEA9 /* tabsAchievements@2x.png */,
				C4514ADC163F0E4D0004CEA9 /* tabsAchievementsOn@2x.png */,
				C4514ADD163F0E4D0004CEA9 /* tabsLeaderBoard@2x.png */,
				C4514ADE163F0E4D0004CEA9 /* tabsLeaderBoardOn@2x.png */,
			);
			path = gameFeatures;
			sourceTree = "<group>";
		};
		C4514ADF163F0E4D0004CEA9 /* iap */ = {
			isa = PBXGroup;
			children = (
				847DF21116626D980015A5F8 /* green_btn.png */,
				C4514AE0163F0E4D0004CEA9 /* btnBuyCoins@2x.png */,
				C4514AE1163F0E4D0004CEA9 /* btnBuyItem@2x.png */,
				C4514AE2163F0E4D0004CEA9 /* coins1@2x.png */,
				C4514AE3163F0E4D0004CEA9 /* coins2@2x.png */,
				C4514AE4163F0E4D0004CEA9 /* coins3@2x.png */,
				C4514AE5163F0E4D0004CEA9 /* coins4@2x.png */,
				C4514AE6163F0E4D0004CEA9 /* coins5@2x.png */,
				C4514AE7163F0E4D0004CEA9 /* coins6@2x.png */,
				C4514AE8163F0E4D0004CEA9 /* iapBgContent@2x.png */,
				C4514AE9163F0E4D0004CEA9 /* iapTabBuyCoins@2x.png */,
				C4514AEA163F0E4D0004CEA9 /* iapTabBuyCoinsOn@2x.png */,
				C4514AEB163F0E4D0004CEA9 /* iapTabMyItem@2x.png */,
				C4514AEC163F0E4D0004CEA9 /* iapTabMyItemOn@2x.png */,
				C4514AED163F0E4D0004CEA9 /* iapTabVirtualItems@2x.png */,
				C4514AEE163F0E4D0004CEA9 /* iapTabVirtualItemsOn@2x.png */,
				C4514AEF163F0E4D0004CEA9 /* iconGoldCoins@2x.png */,
				C4514AF0163F0E4D0004CEA9 /* titleStore@2x.png */,
			);
			path = iap;
			sourceTree = "<group>";
		};
		C4514AF1163F0E4D0004CEA9 /* login */ = {
			isa = PBXGroup;
			children = (
				C4514AF2163F0E4D0004CEA9 /* btnLogIn@2x.png */,
				C4514AF3163F0E4D0004CEA9 /* btnLogInFacebook@2x.png */,
				C4514AF4163F0E4D0004CEA9 /* btnNavLoginLater@2x.png */,
				C4514AF5163F0E4D0004CEA9 /* btnRegister@2x.png */,
				C4514AF6163F0E4D0004CEA9 /* titleLogin@2x.png */,
			);
			path = login;
			sourceTree = "<group>";
		};
		C4514AF7163F0E4D0004CEA9 /* main */ = {
			isa = PBXGroup;
			children = (
				C4514AF8163F0E4D0004CEA9 /* btnNavLogin@2x.png */,
				C4514AF9163F0E4D0004CEA9 /* btnNavMyProfile@2x.png */,
				C4514AFA163F0E4D0004CEA9 /* btnPlay@2x.png */,
				C4514AFB163F0E4D0004CEA9 /* btnStore@2x.png */,
				C4514AFC163F0E4D0004CEA9 /* eggMain@2x.png */,
				C4514AFD163F0E4D0004CEA9 /* mainTabDynamic-Content@2x.png */,
				C4514AFE163F0E4D0004CEA9 /* mainTabFacebookFeatures@2x.png */,
				C4514AFF163F0E4D0004CEA9 /* mainTabFindMyFriends@2x.png */,
				C4514B00163F0E4D0004CEA9 /* mainTabGameFeatures@2x.png */,
			);
			path = main;
			sourceTree = "<group>";
		};
		C489A0C4165348540003DF91 /* Lumberjack */ = {
			isa = PBXGroup;
			children = (
				C489A0C7165348540003DF91 /* DDASLLogger.h */,
				C489A0C8165348540003DF91 /* DDASLLogger.m */,
				C489A0C9165348540003DF91 /* DDFileLogger.h */,
				C489A0CA165348540003DF91 /* DDFileLogger.m */,
				C489A0CB165348540003DF91 /* DDLog.h */,
				C489A0CC165348540003DF91 /* DDLog.m */,
				C489A0CD165348540003DF91 /* DDTTYLogger.h */,
				C489A0CE165348540003DF91 /* DDTTYLogger.m */,
				C489A0CF165348540003DF91 /* Extensions */,
			);
			name = Lumberjack;
			path = ../../Lumberjack;
			sourceTree = "<group>";
		};
		C489A0CF165348540003DF91 /* Extensions */ = {
			isa = PBXGroup;
			children = (
				C489A0D0165348540003DF91 /* ContextFilterLogFormatter.h */,
				C489A0D1165348540003DF91 /* ContextFilterLogFormatter.m */,
				C489A0D2165348540003DF91 /* DispatchQueueLogFormatter.h */,
				C489A0D3165348540003DF91 /* DispatchQueueLogFormatter.m */,
				C489A0D4165348540003DF91 /* README.txt */,
			);
			path = Extensions;
			sourceTree = "<group>";
		};
		C4CB70EC165EDB6F00D4F8B2 /* splashScreens */ = {
			isa = PBXGroup;
			children = (
				C4CB70EA165EDB6800D4F8B2 /* Default.png */,
				C4CB70ED165EDBED00D4F8B2 /* Default-568h@2x.png */,
				C4CB70E8165EDB5700D4F8B2 /* Default@2x.png */,
			);
			name = splashScreens;
			sourceTree = "<group>";
		};
		C4F18695163F5ED3007C1514 /* classes */ = {
			isa = PBXGroup;
			children = (
				C40997D7167632CF007E68C6 /* ApplicasaSDK */,
				C489A0C4165348540003DF91 /* Lumberjack */,
				C438973E1653FF270064BF43 /* Egg Classes */,
			);
			name = classes;
			sourceTree = "<group>";
		};
		C4F18697163F5EEE007C1514 /* storyboards */ = {
			isa = PBXGroup;
			children = (
				C4514ABF163F09B20004CEA9 /* MainStoryboard.storyboard */,
			);
			name = storyboards;
			sourceTree = "<group>";
		};
/* End PBXGroup section */

/* Begin PBXNativeTarget section */
		C4514AA2163F09B20004CEA9 /* egg */ = {
			isa = PBXNativeTarget;
			buildConfigurationList = C4514AC7163F09B20004CEA9 /* Build configuration list for PBXNativeTarget "egg" */;
			buildPhases = (
				C4514A9F163F09B20004CEA9 /* Sources */,
				C4514AA0163F09B20004CEA9 /* Frameworks */,
				C4514AA1163F09B20004CEA9 /* Resources */,
			);
			buildRules = (
			);
			dependencies = (
			);
			name = egg;
			productName = egg;
			productReference = C4514AA3163F09B20004CEA9 /* egg.app */;
			productType = "com.apple.product-type.application";
		};
/* End PBXNativeTarget section */

/* Begin PBXProject section */
		C4514A9A163F09B20004CEA9 /* Project object */ = {
			isa = PBXProject;
			attributes = {
				LastUpgradeCheck = 0450;
				ORGANIZATIONNAME = Applicasa;
			};
			buildConfigurationList = C4514A9D163F09B20004CEA9 /* Build configuration list for PBXProject "egg" */;
			compatibilityVersion = "Xcode 3.2";
			developmentRegion = English;
			hasScannedForEncodings = 0;
			knownRegions = (
				en,
			);
			mainGroup = C4514A98163F09B20004CEA9;
			productRefGroup = C4514AA4163F09B20004CEA9 /* Products */;
			projectDirPath = "";
			projectRoot = "";
			targets = (
				C4514AA2163F09B20004CEA9 /* egg */,
			);
		};
/* End PBXProject section */

/* Begin PBXResourcesBuildPhase section */
		C4514AA1163F09B20004CEA9 /* Resources */ = {
			isa = PBXResourcesBuildPhase;
			buildActionMask = 2147483647;
			files = (
				C4514AB2163F09B20004CEA9 /* InfoPlist.strings in Resources */,
				C4514AC1163F09B20004CEA9 /* MainStoryboard.storyboard in Resources */,
				C4514B01163F0E4D0004CEA9 /* back@2x.png in Resources */,
				C4514B02163F0E4D0004CEA9 /* bg@2x.png in Resources */,
				C4514B03163F0E4D0004CEA9 /* titleDynamicContent@2x.png in Resources */,
				C4514B04163F0E4D0004CEA9 /* add@2x.png in Resources */,
				C4514B05163F0E4D0004CEA9 /* added@2x.png in Resources */,
				C4514B06163F0E4D0004CEA9 /* bgTabs@2x.png in Resources */,
				C4514B07163F0E4D0004CEA9 /* fShare@2x.png in Resources */,
				C4514B08163F0E4D0004CEA9 /* tabChallenge@2x.png in Resources */,
				C4514B09163F0E4D0004CEA9 /* tabChallengeOn@2x.png in Resources */,
				C4514B0A163F0E4D0004CEA9 /* tabInvite@2x.png in Resources */,
				C4514B0B163F0E4D0004CEA9 /* tabInviteOn@2x.png in Resources */,
				C4514B0C163F0E4D0004CEA9 /* gamecenter@2x.png in Resources */,
				C4514B0D163F0E4D0004CEA9 /* tabsAchievements@2x.png in Resources */,
				C4514B0E163F0E4D0004CEA9 /* tabsAchievementsOn@2x.png in Resources */,
				C4514B0F163F0E4D0004CEA9 /* tabsLeaderBoard@2x.png in Resources */,
				C4514B10163F0E4D0004CEA9 /* tabsLeaderBoardOn@2x.png in Resources */,
				C4514B11163F0E4D0004CEA9 /* btnBuyCoins@2x.png in Resources */,
				C4514B12163F0E4D0004CEA9 /* btnBuyItem@2x.png in Resources */,
				C4514B13163F0E4D0004CEA9 /* coins1@2x.png in Resources */,
				C4514B14163F0E4D0004CEA9 /* coins2@2x.png in Resources */,
				C4514B15163F0E4D0004CEA9 /* coins3@2x.png in Resources */,
				C4514B16163F0E4D0004CEA9 /* coins4@2x.png in Resources */,
				C4514B17163F0E4D0004CEA9 /* coins5@2x.png in Resources */,
				C4514B18163F0E4D0004CEA9 /* coins6@2x.png in Resources */,
				C4514B19163F0E4D0004CEA9 /* iapBgContent@2x.png in Resources */,
				C4514B1A163F0E4D0004CEA9 /* iapTabBuyCoins@2x.png in Resources */,
				C4514B1B163F0E4D0004CEA9 /* iapTabBuyCoinsOn@2x.png in Resources */,
				C4514B1C163F0E4D0004CEA9 /* iapTabMyItem@2x.png in Resources */,
				C4514B1D163F0E4D0004CEA9 /* iapTabMyItemOn@2x.png in Resources */,
				C4514B1E163F0E4D0004CEA9 /* iapTabVirtualItems@2x.png in Resources */,
				C4514B1F163F0E4D0004CEA9 /* iapTabVirtualItemsOn@2x.png in Resources */,
				C4514B20163F0E4D0004CEA9 /* iconGoldCoins@2x.png in Resources */,
				C4514B21163F0E4D0004CEA9 /* titleStore@2x.png in Resources */,
				C4514B22163F0E4D0004CEA9 /* btnLogIn@2x.png in Resources */,
				C4514B23163F0E4D0004CEA9 /* btnLogInFacebook@2x.png in Resources */,
				C4514B24163F0E4D0004CEA9 /* btnNavLoginLater@2x.png in Resources */,
				C4514B25163F0E4D0004CEA9 /* btnRegister@2x.png in Resources */,
				C4514B26163F0E4D0004CEA9 /* titleLogin@2x.png in Resources */,
				C4514B27163F0E4D0004CEA9 /* btnNavLogin@2x.png in Resources */,
				C4514B28163F0E4D0004CEA9 /* btnNavMyProfile@2x.png in Resources */,
				C4514B29163F0E4D0004CEA9 /* btnPlay@2x.png in Resources */,
				C4514B2A163F0E4D0004CEA9 /* btnStore@2x.png in Resources */,
				C4514B2B163F0E4D0004CEA9 /* eggMain@2x.png in Resources */,
				C4514B2C163F0E4D0004CEA9 /* mainTabDynamic-Content@2x.png in Resources */,
				C4514B2D163F0E4D0004CEA9 /* mainTabFacebookFeatures@2x.png in Resources */,
				C4514B2E163F0E4D0004CEA9 /* mainTabFindMyFriends@2x.png in Resources */,
				C4514B2F163F0E4D0004CEA9 /* mainTabGameFeatures@2x.png in Resources */,
				C463C722165107B9003CAA31 /* Icon.png in Resources */,
				C463C723165107B9003CAA31 /* Icon@2x.png in Resources */,
				C489A0DC165348540003DF91 /* README.txt in Resources */,
				C4CB70E9165EDB5700D4F8B2 /* Default@2x.png in Resources */,
				C4CB70EB165EDB6800D4F8B2 /* Default.png in Resources */,
				C4CB70EE165EDBED00D4F8B2 /* Default-568h@2x.png in Resources */,
				847DF21216626D980015A5F8 /* green_btn.png in Resources */,
				847F4EB816663E6100AEAB17 /* https%3A%2F%2Fs3.amazonaws.com%2Fappsmaterials%2F705E89%2FPromotion%2FA%2FDefault%2FPI1A.png in Resources */,
				847F4EBB16663E6E00AEAB17 /* https%3A%2F%2Fs3.amazonaws.com%2Fappsmaterials%2F705E89%2FPromotion%2FA%2FDefault%2FPB1A.png in Resources */,
				841DF0BB166E26A9000465C4 /* avatar.png in Resources */,
				C409980C167632CF007E68C6 /* Close.png in Resources */,
				84116AED16888F1C002797A3 /* profileRockfeller@2x.png in Resources */,
				84116AEE16888F1C002797A3 /* profileTaxpayer@2x.png in Resources */,
				84116AEF16888F1C002797A3 /* profileTurist@2x.png in Resources */,
				84116AF016888F1C002797A3 /* profileZombie@2x.png in Resources */,
				84116AF516888F23002797A3 /* rankGeneral@2x.png in Resources */,
				84116AF616888F23002797A3 /* rankHippie@2x.png in Resources */,
				84116AF716888F23002797A3 /* rankPrivate@2x.png in Resources */,
				84116AF816888F23002797A3 /* rankSergeant@2x.png in Resources */,
			);
			runOnlyForDeploymentPostprocessing = 0;
		};
/* End PBXResourcesBuildPhase section */

/* Begin PBXSourcesBuildPhase section */
		C4514A9F163F09B20004CEA9 /* Sources */ = {
			isa = PBXSourcesBuildPhase;
			buildActionMask = 2147483647;
			files = (
				C4514AB4163F09B20004CEA9 /* main.m in Sources */,
				C4514AB8163F09B20004CEA9 /* AppDelegate.m in Sources */,
				C4514AC4163F09B20004CEA9 /* MainViewController.m in Sources */,
				C4F1869A163F5F5A007C1514 /* LoginViewController.m in Sources */,
				C4F1869D163FA0E7007C1514 /* StoreViewController.m in Sources */,
				C48D6F15164CF98300BA7EC3 /* LiStoreCell.m in Sources */,
				C489A0D6165348540003DF91 /* DDASLLogger.m in Sources */,
				C489A0D7165348540003DF91 /* DDFileLogger.m in Sources */,
				C489A0D8165348540003DF91 /* DDLog.m in Sources */,
				C489A0D9165348540003DF91 /* DDTTYLogger.m in Sources */,
				C489A0DA165348540003DF91 /* ContextFilterLogFormatter.m in Sources */,
				C489A0DB165348540003DF91 /* DispatchQueueLogFormatter.m in Sources */,
				C438973D1653FF1A0064BF43 /* LiStoreCellBackground.m in Sources */,
				847D4A06165E2A9000BB524D /* AlertShower.m in Sources */,
				841DF0B3166E0C6D000465C4 /* NearbyFriendsViewController.m in Sources */,
				841DF0B6166E17ED000465C4 /* FriendTableViewCell.m in Sources */,
				841DF0B9166E2544000465C4 /* User+DisplayName.m in Sources */,
				C4099805167632CF007E68C6 /* IAP.m in Sources */,
				C4099806167632CF007E68C6 /* VirtualCurrency.m in Sources */,
				C4099807167632CF007E68C6 /* VirtualGood.m in Sources */,
				C4099808167632CF007E68C6 /* VirtualGoodCategory.m in Sources */,
				C4099809167632CF007E68C6 /* LiManager.m in Sources */,
				C409980A167632CF007E68C6 /* LiUserLocation.m in Sources */,
				C409980D167632CF007E68C6 /* LiPromo.m in Sources */,
				C409980E167632CF007E68C6 /* LiPromoHelperViews.m in Sources */,
				C409980F167632CF007E68C6 /* LiSession.m in Sources */,
				C4099810167632CF007E68C6 /* PromoView.m in Sources */,
				C4099811167632CF007E68C6 /* LiObjPushNotification.m in Sources */,
				C4099812167632CF007E68C6 /* User+Facebook.m in Sources */,
				C4099813167632CF007E68C6 /* User.m in Sources */,
<<<<<<< HEAD
				84116AC81683272D002797A3 /* Dynamic.m in Sources */,
=======
				84116AE616888D6D002797A3 /* Dynamic.m in Sources */,
>>>>>>> master
			);
			runOnlyForDeploymentPostprocessing = 0;
		};
/* End PBXSourcesBuildPhase section */

/* Begin PBXVariantGroup section */
		C4514AB0163F09B20004CEA9 /* InfoPlist.strings */ = {
			isa = PBXVariantGroup;
			children = (
				C4514AB1163F09B20004CEA9 /* en */,
			);
			name = InfoPlist.strings;
			sourceTree = "<group>";
		};
		C4514ABF163F09B20004CEA9 /* MainStoryboard.storyboard */ = {
			isa = PBXVariantGroup;
			children = (
				C4514AC0163F09B20004CEA9 /* en */,
			);
			name = MainStoryboard.storyboard;
			sourceTree = "<group>";
		};
/* End PBXVariantGroup section */

/* Begin XCBuildConfiguration section */
		C4514AC5163F09B20004CEA9 /* Debug */ = {
			isa = XCBuildConfiguration;
			buildSettings = {
				ALWAYS_SEARCH_USER_PATHS = NO;
				CLANG_CXX_LANGUAGE_STANDARD = "gnu++0x";
				CLANG_CXX_LIBRARY = "libc++";
				CLANG_ENABLE_OBJC_ARC = YES;
				CLANG_WARN_EMPTY_BODY = YES;
				CLANG_WARN__DUPLICATE_METHOD_MATCH = YES;
				"CODE_SIGN_IDENTITY[sdk=iphoneos*]" = "iPhone Developer";
				COPY_PHASE_STRIP = NO;
				GCC_C_LANGUAGE_STANDARD = gnu99;
				GCC_DYNAMIC_NO_PIC = NO;
				GCC_OPTIMIZATION_LEVEL = 0;
				GCC_PREPROCESSOR_DEFINITIONS = (
					"DEBUG=1",
					"$(inherited)",
				);
				GCC_SYMBOLS_PRIVATE_EXTERN = NO;
				GCC_WARN_ABOUT_RETURN_TYPE = YES;
				GCC_WARN_UNINITIALIZED_AUTOS = YES;
				GCC_WARN_UNUSED_VARIABLE = YES;
				IPHONEOS_DEPLOYMENT_TARGET = 6.0;
				ONLY_ACTIVE_ARCH = YES;
				SDKROOT = iphoneos;
			};
			name = Debug;
		};
		C4514AC6163F09B20004CEA9 /* Release */ = {
			isa = XCBuildConfiguration;
			buildSettings = {
				ALWAYS_SEARCH_USER_PATHS = NO;
				CLANG_CXX_LANGUAGE_STANDARD = "gnu++0x";
				CLANG_CXX_LIBRARY = "libc++";
				CLANG_ENABLE_OBJC_ARC = YES;
				CLANG_WARN_EMPTY_BODY = YES;
				CLANG_WARN__DUPLICATE_METHOD_MATCH = YES;
				"CODE_SIGN_IDENTITY[sdk=iphoneos*]" = "iPhone Developer";
				COPY_PHASE_STRIP = YES;
				GCC_C_LANGUAGE_STANDARD = gnu99;
				GCC_WARN_ABOUT_RETURN_TYPE = YES;
				GCC_WARN_UNINITIALIZED_AUTOS = YES;
				GCC_WARN_UNUSED_VARIABLE = YES;
				IPHONEOS_DEPLOYMENT_TARGET = 6.0;
				OTHER_CFLAGS = "-DNS_BLOCK_ASSERTIONS=1";
				SDKROOT = iphoneos;
				VALIDATE_PRODUCT = YES;
			};
			name = Release;
		};
		C4514AC8163F09B20004CEA9 /* Debug */ = {
			isa = XCBuildConfiguration;
			buildSettings = {
				CODE_SIGN_IDENTITY = "iPhone Developer: Tzvi Kopetz (5BV86XSCFH)";
				"CODE_SIGN_IDENTITY[sdk=iphoneos*]" = "iPhone Developer: Tzvi Kopetz (5BV86XSCFH)";
				FRAMEWORK_SEARCH_PATHS = (
					"$(inherited)",
					"\"$(SRCROOT)/../ApplicasaFrameworks\"",
					"\"$(SRCROOT)/../ApplicasaFrameworks/FacebookSDK\"",
				);
				GCC_PRECOMPILE_PREFIX_HEADER = YES;
				GCC_PREFIX_HEADER = "egg/egg-Prefix.pch";
				INFOPLIST_FILE = "egg/egg-Info.plist";
				IPHONEOS_DEPLOYMENT_TARGET = 6.0;
				OTHER_LDFLAGS = (
					"-ObjC",
					"-all_load",
				);
				PRODUCT_NAME = "$(TARGET_NAME)";
				PROVISIONING_PROFILE = "AE4B8EA4-BCB9-497D-ADB5-77CC4BDCDF9F";
				"PROVISIONING_PROFILE[sdk=iphoneos*]" = "AE4B8EA4-BCB9-497D-ADB5-77CC4BDCDF9F";
				WRAPPER_EXTENSION = app;
			};
			name = Debug;
		};
		C4514AC9163F09B20004CEA9 /* Release */ = {
			isa = XCBuildConfiguration;
			buildSettings = {
				CODE_SIGN_IDENTITY = "iPhone Developer: Tzvi Kopetz (5BV86XSCFH)";
				"CODE_SIGN_IDENTITY[sdk=iphoneos*]" = "iPhone Developer: Tzvi Kopetz (5BV86XSCFH)";
				FRAMEWORK_SEARCH_PATHS = (
					"$(inherited)",
					"\"$(SRCROOT)/../ApplicasaFrameworks\"",
					"\"$(SRCROOT)/../ApplicasaFrameworks/FacebookSDK\"",
				);
				GCC_PRECOMPILE_PREFIX_HEADER = YES;
				GCC_PREFIX_HEADER = "egg/egg-Prefix.pch";
				INFOPLIST_FILE = "egg/egg-Info.plist";
				IPHONEOS_DEPLOYMENT_TARGET = 6.0;
				OTHER_LDFLAGS = (
					"-ObjC",
					"-all_load",
				);
				PRODUCT_NAME = "$(TARGET_NAME)";
				PROVISIONING_PROFILE = "AE4B8EA4-BCB9-497D-ADB5-77CC4BDCDF9F";
				"PROVISIONING_PROFILE[sdk=iphoneos*]" = "AE4B8EA4-BCB9-497D-ADB5-77CC4BDCDF9F";
				VALID_ARCHS = armv7;
				WRAPPER_EXTENSION = app;
			};
			name = Release;
		};
/* End XCBuildConfiguration section */

/* Begin XCConfigurationList section */
		C4514A9D163F09B20004CEA9 /* Build configuration list for PBXProject "egg" */ = {
			isa = XCConfigurationList;
			buildConfigurations = (
				C4514AC5163F09B20004CEA9 /* Debug */,
				C4514AC6163F09B20004CEA9 /* Release */,
			);
			defaultConfigurationIsVisible = 0;
			defaultConfigurationName = Release;
		};
		C4514AC7163F09B20004CEA9 /* Build configuration list for PBXNativeTarget "egg" */ = {
			isa = XCConfigurationList;
			buildConfigurations = (
				C4514AC8163F09B20004CEA9 /* Debug */,
				C4514AC9163F09B20004CEA9 /* Release */,
			);
			defaultConfigurationIsVisible = 0;
			defaultConfigurationName = Release;
		};
/* End XCConfigurationList section */
	};
	rootObject = C4514A9A163F09B20004CEA9 /* Project object */;
}
